PODS:
  - AMap3DMap (10.1.600):
    - AMapFoundation (>= 1.8.0)
  - amap_flutter_location_plus (0.0.1):
    - AMapLocation
    - Flutter
  - amap_flutter_map_plus (0.0.1):
    - AMap3DMap
    - Flutter
  - AMapFoundation (1.8.2)
  - AMapLocation (2.11.0):
    - AMapFoundation (>= 1.8.0)
  - audio_session (0.0.1):
    - Flutter
  - audio_waveforms (0.0.1):
    - Flutter
  - camera_avfoundation (0.0.1):
    - Flutter
  - connectivity_plus (0.0.1):
    - Flutter
  - device_info_plus (0.0.1):
    - Flutter
  - DKImagePickerController/Core (4.3.9):
    - DKImagePickerController/ImageDataManager
    - DKImagePickerController/Resource
  - DKImagePickerController/ImageDataManager (4.3.9)
  - DKImagePickerController/PhotoGallery (4.3.9):
    - DKImagePickerController/Core
    - DKPhotoGallery
  - DKImagePickerController/Resource (4.3.9)
  - DKPhotoGallery (0.0.19):
    - DKPhotoGallery/Core (= 0.0.19)
    - DKPhotoGallery/Model (= 0.0.19)
    - DKPhotoGallery/Preview (= 0.0.19)
    - DKPhotoGallery/Resource (= 0.0.19)
    - SDWebImage
    - SwiftyGif
  - DKPhotoGallery/Core (0.0.19):
    - DKPhotoGallery/Model
    - DKPhotoGallery/Preview
    - SDWebImage
    - SwiftyGif
  - DKPhotoGallery/Model (0.0.19):
    - SDWebImage
    - SwiftyGif
  - DKPhotoGallery/Preview (0.0.19):
    - DKPhotoGallery/Model
    - DKPhotoGallery/Resource
    - SDWebImage
    - SwiftyGif
  - DKPhotoGallery/Resource (0.0.19):
    - SDWebImage
    - SwiftyGif
  - emoji_picker_flutter (0.0.1):
    - Flutter
  - file_picker (0.0.1):
    - DKImagePickerController/PhotoGallery
    - Flutter
  - file_saver (0.0.1):
    - Flutter
  - Flutter (1.0.0)
  - flutter_local_notifications (0.0.1):
    - Flutter
  - flutter_native_splash (2.4.3):
    - Flutter
  - flutter_secure_storage_darwin (10.0.0):
    - Flutter
    - FlutterMacOS
  - flutter_sound (9.30.0):
    - Flutter
    - flutter_sound_core (= 9.30.0)
  - flutter_sound_core (9.30.0)
  - flutter_webrtc (1.2.0):
    - Flutter
    - WebRTC-SDK (= 137.7151.04)
  - ic_storage_space (0.1.1):
    - Flutter
  - image_crop (0.0.1):
    - Flutter
  - image_gallery_saver (2.0.2):
    - Flutter
  - image_picker_ios (0.0.1):
    - Flutter
  - JCore (5.3.1)
  - just_audio (0.0.1):
    - Flutter
    - FlutterMacOS
  - JVerification (3.4.3):
    - JCore (>= 2.1.6)
  - jverify (0.0.1):
    - Flutter
    - JCore (>= 5.0.1)
    - JVerification (= 3.4.3)
  - local_auth_darwin (0.0.1):
    - Flutter
    - FlutterMacOS
  - map_launcher (0.0.1):
    - Flutter
  - mobile_scanner (7.0.0):
    - Flutter
    - FlutterMacOS
  - open_file_ios (1.0.3):
    - Flutter
  - package_info_plus (0.4.5):
    - Flutter
  - permission_handler_apple (9.3.0):
    - Flutter
  - PhoneNumberKit (3.8.0):
    - PhoneNumberKit/PhoneNumberKitCore (= 3.8.0)
    - PhoneNumberKit/UIKit (= 3.8.0)
  - PhoneNumberKit/PhoneNumberKitCore (3.8.0)
  - PhoneNumberKit/UIKit (3.8.0):
    - PhoneNumberKit/PhoneNumberKitCore
  - photo_manager (3.8.3):
    - Flutter
    - FlutterMacOS
  - r_upgrade (0.0.1):
    - Flutter
  - SDWebImage (5.21.5):
    - SDWebImage/Core (= 5.21.5)
  - SDWebImage/Core (5.21.5)
  - sensors_plus (0.0.1):
    - Flutter
  - share_plus (0.0.1):
    - Flutter
  - shared_preferences_foundation (0.0.1):
    - Flutter
    - FlutterMacOS
  - sqflite_darwin (0.0.4):
    - Flutter
    - FlutterMacOS
  - SwiftyGif (5.4.5)
  - url_launcher_ios (0.0.1):
    - Flutter
  - video_compress (0.3.0):
    - Flutter
  - video_player_avfoundation (0.0.1):
    - Flutter
    - FlutterMacOS
  - wakelock_plus (0.0.1):
    - Flutter
  - WebRTC-SDK (137.7151.04)
  - webview_flutter_wkwebview (0.0.1):
    - Flutter
    - FlutterMacOS

DEPENDENCIES:
  - amap_flutter_location_plus (from `.symlinks/plugins/amap_flutter_location_plus/ios`)
  - amap_flutter_map_plus (from `.symlinks/plugins/amap_flutter_map_plus/ios`)
  - audio_session (from `.symlinks/plugins/audio_session/ios`)
  - audio_waveforms (from `.symlinks/plugins/audio_waveforms/ios`)
  - camera_avfoundation (from `.symlinks/plugins/camera_avfoundation/ios`)
  - connectivity_plus (from `.symlinks/plugins/connectivity_plus/ios`)
  - device_info_plus (from `.symlinks/plugins/device_info_plus/ios`)
  - emoji_picker_flutter (from `.symlinks/plugins/emoji_picker_flutter/ios`)
  - file_picker (from `.symlinks/plugins/file_picker/ios`)
  - file_saver (from `.symlinks/plugins/file_saver/ios`)
  - Flutter (from `Flutter`)
  - flutter_local_notifications (from `.symlinks/plugins/flutter_local_notifications/ios`)
  - flutter_native_splash (from `.symlinks/plugins/flutter_native_splash/ios`)
  - flutter_secure_storage_darwin (from `.symlinks/plugins/flutter_secure_storage_darwin/darwin`)
  - flutter_sound (from `.symlinks/plugins/flutter_sound/ios`)
  - flutter_webrtc (from `.symlinks/plugins/flutter_webrtc/ios`)
  - ic_storage_space (from `.symlinks/plugins/ic_storage_space/ios`)
  - image_crop (from `.symlinks/plugins/image_crop/ios`)
  - image_gallery_saver (from `.symlinks/plugins/image_gallery_saver/ios`)
  - image_picker_ios (from `.symlinks/plugins/image_picker_ios/ios`)
  - just_audio (from `.symlinks/plugins/just_audio/darwin`)
  - JVerification
  - jverify (from `.symlinks/plugins/jverify/ios`)
  - local_auth_darwin (from `.symlinks/plugins/local_auth_darwin/darwin`)
  - map_launcher (from `.symlinks/plugins/map_launcher/ios`)
  - mobile_scanner (from `.symlinks/plugins/mobile_scanner/darwin`)
  - open_file_ios (from `.symlinks/plugins/open_file_ios/ios`)
  - package_info_plus (from `.symlinks/plugins/package_info_plus/ios`)
  - permission_handler_apple (from `.symlinks/plugins/permission_handler_apple/ios`)
  - PhoneNumberKit (~> 3.8.0)
  - photo_manager (from `.symlinks/plugins/photo_manager/darwin`)
  - r_upgrade (from `.symlinks/plugins/r_upgrade/ios`)
  - sensors_plus (from `.symlinks/plugins/sensors_plus/ios`)
  - share_plus (from `.symlinks/plugins/share_plus/ios`)
  - shared_preferences_foundation (from `.symlinks/plugins/shared_preferences_foundation/darwin`)
  - sqflite_darwin (from `.symlinks/plugins/sqflite_darwin/darwin`)
  - url_launcher_ios (from `.symlinks/plugins/url_launcher_ios/ios`)
  - video_compress (from `.symlinks/plugins/video_compress/ios`)
  - video_player_avfoundation (from `.symlinks/plugins/video_player_avfoundation/darwin`)
  - wakelock_plus (from `.symlinks/plugins/wakelock_plus/ios`)
  - webview_flutter_wkwebview (from `.symlinks/plugins/webview_flutter_wkwebview/darwin`)

SPEC REPOS:
  https://mirrors.tuna.tsinghua.edu.cn/git/CocoaPods/Specs.git:
    - AMap3DMap
    - AMapFoundation
    - AMapLocation
    - DKImagePickerController
    - DKPhotoGallery
    - flutter_sound_core
    - JCore
    - JVerification
    - PhoneNumberKit
    - SDWebImage
    - SwiftyGif
    - WebRTC-SDK

EXTERNAL SOURCES:
  amap_flutter_location_plus:
    :path: ".symlinks/plugins/amap_flutter_location_plus/ios"
  amap_flutter_map_plus:
    :path: ".symlinks/plugins/amap_flutter_map_plus/ios"
  audio_session:
    :path: ".symlinks/plugins/audio_session/ios"
  audio_waveforms:
    :path: ".symlinks/plugins/audio_waveforms/ios"
  camera_avfoundation:
    :path: ".symlinks/plugins/camera_avfoundation/ios"
  connectivity_plus:
    :path: ".symlinks/plugins/connectivity_plus/ios"
  device_info_plus:
    :path: ".symlinks/plugins/device_info_plus/ios"
  emoji_picker_flutter:
    :path: ".symlinks/plugins/emoji_picker_flutter/ios"
  file_picker:
    :path: ".symlinks/plugins/file_picker/ios"
  file_saver:
    :path: ".symlinks/plugins/file_saver/ios"
  Flutter:
    :path: Flutter
  flutter_local_notifications:
    :path: ".symlinks/plugins/flutter_local_notifications/ios"
  flutter_native_splash:
    :path: ".symlinks/plugins/flutter_native_splash/ios"
  flutter_secure_storage_darwin:
    :path: ".symlinks/plugins/flutter_secure_storage_darwin/darwin"
  flutter_sound:
    :path: ".symlinks/plugins/flutter_sound/ios"
  flutter_webrtc:
    :path: ".symlinks/plugins/flutter_webrtc/ios"
  ic_storage_space:
    :path: ".symlinks/plugins/ic_storage_space/ios"
  image_crop:
    :path: ".symlinks/plugins/image_crop/ios"
  image_gallery_saver:
    :path: ".symlinks/plugins/image_gallery_saver/ios"
  image_picker_ios:
    :path: ".symlinks/plugins/image_picker_ios/ios"
  just_audio:
    :path: ".symlinks/plugins/just_audio/darwin"
  jverify:
    :path: ".symlinks/plugins/jverify/ios"
  local_auth_darwin:
    :path: ".symlinks/plugins/local_auth_darwin/darwin"
  map_launcher:
    :path: ".symlinks/plugins/map_launcher/ios"
  mobile_scanner:
    :path: ".symlinks/plugins/mobile_scanner/darwin"
  open_file_ios:
    :path: ".symlinks/plugins/open_file_ios/ios"
  package_info_plus:
    :path: ".symlinks/plugins/package_info_plus/ios"
  permission_handler_apple:
    :path: ".symlinks/plugins/permission_handler_apple/ios"
  photo_manager:
    :path: ".symlinks/plugins/photo_manager/darwin"
  r_upgrade:
    :path: ".symlinks/plugins/r_upgrade/ios"
  sensors_plus:
    :path: ".symlinks/plugins/sensors_plus/ios"
  share_plus:
    :path: ".symlinks/plugins/share_plus/ios"
  shared_preferences_foundation:
    :path: ".symlinks/plugins/shared_preferences_foundation/darwin"
  sqflite_darwin:
    :path: ".symlinks/plugins/sqflite_darwin/darwin"
  url_launcher_ios:
    :path: ".symlinks/plugins/url_launcher_ios/ios"
  video_compress:
    :path: ".symlinks/plugins/video_compress/ios"
  video_player_avfoundation:
    :path: ".symlinks/plugins/video_player_avfoundation/darwin"
  wakelock_plus:
    :path: ".symlinks/plugins/wakelock_plus/ios"
  webview_flutter_wkwebview:
    :path: ".symlinks/plugins/webview_flutter_wkwebview/darwin"

SPEC CHECKSUMS:
  AMap3DMap: e67fc1a66bd83b82b44a06b601864d9fb3db3de0
  amap_flutter_location_plus: 787dda5882c30817bcf666b201eced344869c15a
  amap_flutter_map_plus: 1df734b018cc8f3b4f7af6e611248fa61a268c6c
  AMapFoundation: 9885c48fc3a78fdfb84a0299a2293e56ea3c9fec
  AMapLocation: 8c46dbe995333ad6cae147d54a7307a577020be0
  audio_session: 9bb7f6c970f21241b19f5a3658097ae459681ba0
  audio_waveforms: a6dde7fe7c0ea05f06ffbdb0f7c1b2b2ba6cedcf
  camera_avfoundation: 5675ca25298b6f81fa0a325188e7df62cc217741
  connectivity_plus: cb623214f4e1f6ef8fe7403d580fdad517d2f7dd
  device_info_plus: 21fcca2080fbcd348be798aa36c3e5ed849eefbe
  DKImagePickerController: 946cec48c7873164274ecc4624d19e3da4c1ef3c
  DKPhotoGallery: b3834fecb755ee09a593d7c9e389d8b5d6deed60
  emoji_picker_flutter: ece213fc274bdddefb77d502d33080dc54e616cc
  file_picker: a0560bc09d61de87f12d246fc47d2119e6ef37be
  file_saver: 6cdbcddd690cb02b0c1a0c225b37cd805c2bf8b6
  Flutter: cabc95a1d2626b1b06e7179b784ebcf0c0cde467
  flutter_local_notifications: a5a732f069baa862e728d839dd2ebb904737effb
  flutter_native_splash: c32d145d68aeda5502d5f543ee38c192065986cf
  flutter_secure_storage_darwin: acdb3f316ed05a3e68f856e0353b133eec373a23
  flutter_sound: d95194f6476c9ad211d22b3a414d852c12c7ca44
  flutter_sound_core: 7f2626d249d3a57bfa6da892ef7e22d234482c1a
  flutter_webrtc: c3e21fc0dcd9d8eb246ae4d5256fcbeb2f5ecd22
  ic_storage_space: d2c12892dec7eabbf6757df81e72539a16aa7dc6
  image_crop: d83cf4373d8a94b985477cb57af0a050274a9c8c
  image_gallery_saver: 14711d79da40581063e8842a11acf1969d781ed7
  image_picker_ios: e0ece4aa2a75771a7de3fa735d26d90817041326
  JCore: 3814e38743361bcff5ee86b9f2e417a4b4cbf8ed
  just_audio: 4e391f57b79cad2b0674030a00453ca5ce817eed
  JVerification: e26fc139307b3d80e30d01479656f4b9632f083f
  jverify: 756c7d4d358faa9fdc46e86b66aedcb1a410561a
  local_auth_darwin: c3ee6cce0a8d56be34c8ccb66ba31f7f180aaebb
  map_launcher: 8051ad5783913cafce93f2414c6858f2904fd8df
  mobile_scanner: 9157936403f5a0644ca3779a38ff8404c5434a93
  open_file_ios: 46184d802ee7959203f6392abcfa0dd49fdb5be0
  package_info_plus: af8e2ca6888548050f16fa2f1938db7b5a5df499
  permission_handler_apple: 4ed2196e43d0651e8ff7ca3483a069d469701f2d
  PhoneNumberKit: ec00ab8cef5342c1dc49fadb99d23fa7e66cf0ef
  photo_manager: fe4cbb0808b96f8be4af7ce6ae18dcd9c9b983c6
  r_upgrade: 5c37115e210f79501aa194b0146f7c1866c39e8c
  SDWebImage: e9c98383c7572d713c1a0d7dd2783b10599b9838
  sensors_plus: 6a11ed0c2e1d0bd0b20b4029d3bad27d96e0c65b
  share_plus: 50da8cb520a8f0f65671c6c6a99b3617ed10a58a
  shared_preferences_foundation: 7036424c3d8ec98dfe75ff1667cb0cd531ec82bb
  sqflite_darwin: 20b2a3a3b70e43edae938624ce550a3cbf66a3d0
  SwiftyGif: 706c60cf65fa2bc5ee0313beece843c8eb8194d4
  url_launcher_ios: 7a95fa5b60cc718a708b8f2966718e93db0cef1b
  video_compress: f2133a07762889d67f0711ac831faa26f956980e
  video_player_avfoundation: dd410b52df6d2466a42d28550e33e4146928280a
  wakelock_plus: e29112ab3ef0b318e58cfa5c32326458be66b556
  WebRTC-SDK: 40d4f5ba05cadff14e4db5614aec402a633f007e
  webview_flutter_wkwebview: 8ebf4fded22593026f7dbff1fbff31ea98573c8d

PODFILE CHECKSUM: 5e0c0dbdbc5c6be459f8664d71d6b3399d5afe14

COCOAPODS: 1.16.2
